// !$*UTF8*$!
{
	archiveVersion = 1;
	classes = {
	};
	objectVersion = 50;
	objects = {

/* Begin PBXBuildFile section */
		9659FD59236B7D2E00ED640E /* Profile.swift in Sources */ = {isa = PBXBuildFile; fileRef = 9659FD58236B7D2E00ED640E /* Profile.swift */; };
		966494F92361F67000094D43 /* AppDelegate.swift in Sources */ = {isa = PBXBuildFile; fileRef = 966494F82361F67000094D43 /* AppDelegate.swift */; };
		966494FB2361F67000094D43 /* SceneDelegate.swift in Sources */ = {isa = PBXBuildFile; fileRef = 966494FA2361F67000094D43 /* SceneDelegate.swift */; };
		966494FD2361F67000094D43 /* ContentView.swift in Sources */ = {isa = PBXBuildFile; fileRef = 966494FC2361F67000094D43 /* ContentView.swift */; };
		966494FF2361F67200094D43 /* Assets.xcassets in Resources */ = {isa = PBXBuildFile; fileRef = 966494FE2361F67200094D43 /* Assets.xcassets */; };
		966495022361F67200094D43 /* Preview Assets.xcassets in Resources */ = {isa = PBXBuildFile; fileRef = 966495012361F67200094D43 /* Preview Assets.xcassets */; };
		966495052361F67200094D43 /* LaunchScreen.storyboard in Resources */ = {isa = PBXBuildFile; fileRef = 966495032361F67200094D43 /* LaunchScreen.storyboard */; };
		966495102361F67200094D43 /* ExpensesTests.swift in Sources */ = {isa = PBXBuildFile; fileRef = 9664950F2361F67200094D43 /* ExpensesTests.swift */; };
		9664951B2361F67200094D43 /* ExpensesUITests.swift in Sources */ = {isa = PBXBuildFile; fileRef = 9664951A2361F67200094D43 /* ExpensesUITests.swift */; };
		96709350236DCDA6009E3144 /* ExpensesDetail.swift in Sources */ = {isa = PBXBuildFile; fileRef = 9670934F236DCDA6009E3144 /* ExpensesDetail.swift */; };
		96A86A2C2377028D00171719 /* ResumeView.swift in Sources */ = {isa = PBXBuildFile; fileRef = 96A86A2B2377028D00171719 /* ResumeView.swift */; };
		96A86A2E23782AF700171719 /* CategoryRow.swift in Sources */ = {isa = PBXBuildFile; fileRef = 96A86A2D23782AF700171719 /* CategoryRow.swift */; };
		96A86A3023782CF400171719 /* Category.swift in Sources */ = {isa = PBXBuildFile; fileRef = 96A86A2F23782CF400171719 /* Category.swift */; };
		96AFEBC02365D8A300E14035 /* ProfileView.swift in Sources */ = {isa = PBXBuildFile; fileRef = 96AFEBBF2365D8A300E14035 /* ProfileView.swift */; };
		96AFEBC22365D8B100E14035 /* SavingsView.swift in Sources */ = {isa = PBXBuildFile; fileRef = 96AFEBC12365D8B100E14035 /* SavingsView.swift */; };
		96AFEBC42365D8C100E14035 /* ExpensesView.swift in Sources */ = {isa = PBXBuildFile; fileRef = 96AFEBC32365D8C100E14035 /* ExpensesView.swift */; };
		96AFEBC62365DAC000E14035 /* ExpensesRow.swift in Sources */ = {isa = PBXBuildFile; fileRef = 96AFEBC52365DAC000E14035 /* ExpensesRow.swift */; };
		96AFEBC92365DC2600E14035 /* Expense.swift in Sources */ = {isa = PBXBuildFile; fileRef = 96AFEBC82365DC2600E14035 /* Expense.swift */; };
		96AFEBCB2365DCB800E14035 /* NewExpenseView.swift in Sources */ = {isa = PBXBuildFile; fileRef = 96AFEBCA2365DCB800E14035 /* NewExpenseView.swift */; };
		96AFEBCD2365E0EB00E14035 /* ProfileRow.swift in Sources */ = {isa = PBXBuildFile; fileRef = 96AFEBCC2365E0EB00E14035 /* ProfileRow.swift */; };
		96E89FAA236C403200C0246F /* EditProfileView.swift in Sources */ = {isa = PBXBuildFile; fileRef = 96E89FA9236C403200C0246F /* EditProfileView.swift */; };
/* End PBXBuildFile section */

/* Begin PBXContainerItemProxy section */
		9664950C2361F67200094D43 /* PBXContainerItemProxy */ = {
			isa = PBXContainerItemProxy;
			containerPortal = 966494ED2361F67000094D43 /* Project object */;
			proxyType = 1;
			remoteGlobalIDString = 966494F42361F67000094D43;
			remoteInfo = Expenses;
		};
		966495172361F67200094D43 /* PBXContainerItemProxy */ = {
			isa = PBXContainerItemProxy;
			containerPortal = 966494ED2361F67000094D43 /* Project object */;
			proxyType = 1;
			remoteGlobalIDString = 966494F42361F67000094D43;
			remoteInfo = Expenses;
		};
/* End PBXContainerItemProxy section */

/* Begin PBXFileReference section */
		9659FD58236B7D2E00ED640E /* Profile.swift */ = {isa = PBXFileReference; lastKnownFileType = sourcecode.swift; path = Profile.swift; sourceTree = "<group>"; };
		966494F52361F67000094D43 /* Expenses.app */ = {isa = PBXFileReference; explicitFileType = wrapper.application; includeInIndex = 0; path = Expenses.app; sourceTree = BUILT_PRODUCTS_DIR; };
		966494F82361F67000094D43 /* AppDelegate.swift */ = {isa = PBXFileReference; lastKnownFileType = sourcecode.swift; path = AppDelegate.swift; sourceTree = "<group>"; };
		966494FA2361F67000094D43 /* SceneDelegate.swift */ = {isa = PBXFileReference; lastKnownFileType = sourcecode.swift; path = SceneDelegate.swift; sourceTree = "<group>"; };
		966494FC2361F67000094D43 /* ContentView.swift */ = {isa = PBXFileReference; lastKnownFileType = sourcecode.swift; path = ContentView.swift; sourceTree = "<group>"; };
		966494FE2361F67200094D43 /* Assets.xcassets */ = {isa = PBXFileReference; lastKnownFileType = folder.assetcatalog; path = Assets.xcassets; sourceTree = "<group>"; };
		966495012361F67200094D43 /* Preview Assets.xcassets */ = {isa = PBXFileReference; lastKnownFileType = folder.assetcatalog; path = "Preview Assets.xcassets"; sourceTree = "<group>"; };
		966495042361F67200094D43 /* Base */ = {isa = PBXFileReference; lastKnownFileType = file.storyboard; name = Base; path = Base.lproj/LaunchScreen.storyboard; sourceTree = "<group>"; };
		966495062361F67200094D43 /* Info.plist */ = {isa = PBXFileReference; lastKnownFileType = text.plist.xml; path = Info.plist; sourceTree = "<group>"; };
		9664950B2361F67200094D43 /* ExpensesTests.xctest */ = {isa = PBXFileReference; explicitFileType = wrapper.cfbundle; includeInIndex = 0; path = ExpensesTests.xctest; sourceTree = BUILT_PRODUCTS_DIR; };
		9664950F2361F67200094D43 /* ExpensesTests.swift */ = {isa = PBXFileReference; lastKnownFileType = sourcecode.swift; path = ExpensesTests.swift; sourceTree = "<group>"; };
		966495112361F67200094D43 /* Info.plist */ = {isa = PBXFileReference; lastKnownFileType = text.plist.xml; path = Info.plist; sourceTree = "<group>"; };
		966495162361F67200094D43 /* ExpensesUITests.xctest */ = {isa = PBXFileReference; explicitFileType = wrapper.cfbundle; includeInIndex = 0; path = ExpensesUITests.xctest; sourceTree = BUILT_PRODUCTS_DIR; };
		9664951A2361F67200094D43 /* ExpensesUITests.swift */ = {isa = PBXFileReference; lastKnownFileType = sourcecode.swift; path = ExpensesUITests.swift; sourceTree = "<group>"; };
		9664951C2361F67200094D43 /* Info.plist */ = {isa = PBXFileReference; lastKnownFileType = text.plist.xml; path = Info.plist; sourceTree = "<group>"; };
		9670934F236DCDA6009E3144 /* ExpensesDetail.swift */ = {isa = PBXFileReference; lastKnownFileType = sourcecode.swift; path = ExpensesDetail.swift; sourceTree = "<group>"; };
		96A86A2B2377028D00171719 /* ResumeView.swift */ = {isa = PBXFileReference; lastKnownFileType = sourcecode.swift; path = ResumeView.swift; sourceTree = "<group>"; };
		96A86A2D23782AF700171719 /* CategoryRow.swift */ = {isa = PBXFileReference; lastKnownFileType = sourcecode.swift; path = CategoryRow.swift; sourceTree = "<group>"; };
		96A86A2F23782CF400171719 /* Category.swift */ = {isa = PBXFileReference; lastKnownFileType = sourcecode.swift; path = Category.swift; sourceTree = "<group>"; };
		96AFEBBF2365D8A300E14035 /* ProfileView.swift */ = {isa = PBXFileReference; lastKnownFileType = sourcecode.swift; path = ProfileView.swift; sourceTree = "<group>"; };
		96AFEBC12365D8B100E14035 /* SavingsView.swift */ = {isa = PBXFileReference; lastKnownFileType = sourcecode.swift; path = SavingsView.swift; sourceTree = "<group>"; };
		96AFEBC32365D8C100E14035 /* ExpensesView.swift */ = {isa = PBXFileReference; lastKnownFileType = sourcecode.swift; path = ExpensesView.swift; sourceTree = "<group>"; };
		96AFEBC52365DAC000E14035 /* ExpensesRow.swift */ = {isa = PBXFileReference; lastKnownFileType = sourcecode.swift; path = ExpensesRow.swift; sourceTree = "<group>"; };
		96AFEBC82365DC2600E14035 /* Expense.swift */ = {isa = PBXFileReference; lastKnownFileType = sourcecode.swift; path = Expense.swift; sourceTree = "<group>"; };
		96AFEBCA2365DCB800E14035 /* NewExpenseView.swift */ = {isa = PBXFileReference; lastKnownFileType = sourcecode.swift; path = NewExpenseView.swift; sourceTree = "<group>"; };
		96AFEBCC2365E0EB00E14035 /* ProfileRow.swift */ = {isa = PBXFileReference; lastKnownFileType = sourcecode.swift; path = ProfileRow.swift; sourceTree = "<group>"; };
		96E89FA9236C403200C0246F /* EditProfileView.swift */ = {isa = PBXFileReference; lastKnownFileType = sourcecode.swift; path = EditProfileView.swift; sourceTree = "<group>"; };
/* End PBXFileReference section */

/* Begin PBXFrameworksBuildPhase section */
		966494F22361F67000094D43 /* Frameworks */ = {
			isa = PBXFrameworksBuildPhase;
			buildActionMask = 2147483647;
			files = (
			);
			runOnlyForDeploymentPostprocessing = 0;
		};
		966495082361F67200094D43 /* Frameworks */ = {
			isa = PBXFrameworksBuildPhase;
			buildActionMask = 2147483647;
			files = (
			);
			runOnlyForDeploymentPostprocessing = 0;
		};
		966495132361F67200094D43 /* Frameworks */ = {
			isa = PBXFrameworksBuildPhase;
			buildActionMask = 2147483647;
			files = (
			);
			runOnlyForDeploymentPostprocessing = 0;
		};
/* End PBXFrameworksBuildPhase section */

/* Begin PBXGroup section */
		966494EC2361F67000094D43 = {
			isa = PBXGroup;
			children = (
				966494F72361F67000094D43 /* Expenses */,
				9664950E2361F67200094D43 /* ExpensesTests */,
				966495192361F67200094D43 /* ExpensesUITests */,
				966494F62361F67000094D43 /* Products */,
			);
			sourceTree = "<group>";
		};
		966494F62361F67000094D43 /* Products */ = {
			isa = PBXGroup;
			children = (
				966494F52361F67000094D43 /* Expenses.app */,
				9664950B2361F67200094D43 /* ExpensesTests.xctest */,
				966495162361F67200094D43 /* ExpensesUITests.xctest */,
			);
			name = Products;
			sourceTree = "<group>";
		};
		966494F72361F67000094D43 /* Expenses */ = {
			isa = PBXGroup;
			children = (
				96AFEBC72365DC1400E14035 /* Models */,
				96AFEBBB2365D86A00E14035 /* TabViews */,
				966494F82361F67000094D43 /* AppDelegate.swift */,
				966494FA2361F67000094D43 /* SceneDelegate.swift */,
				966494FC2361F67000094D43 /* ContentView.swift */,
				966494FE2361F67200094D43 /* Assets.xcassets */,
				966495032361F67200094D43 /* LaunchScreen.storyboard */,
				966495062361F67200094D43 /* Info.plist */,
				966495002361F67200094D43 /* Preview Content */,
			);
			path = Expenses;
			sourceTree = "<group>";
		};
		966495002361F67200094D43 /* Preview Content */ = {
			isa = PBXGroup;
			children = (
				966495012361F67200094D43 /* Preview Assets.xcassets */,
			);
			path = "Preview Content";
			sourceTree = "<group>";
		};
		9664950E2361F67200094D43 /* ExpensesTests */ = {
			isa = PBXGroup;
			children = (
				9664950F2361F67200094D43 /* ExpensesTests.swift */,
				966495112361F67200094D43 /* Info.plist */,
			);
			path = ExpensesTests;
			sourceTree = "<group>";
		};
		966495192361F67200094D43 /* ExpensesUITests */ = {
			isa = PBXGroup;
			children = (
				9664951A2361F67200094D43 /* ExpensesUITests.swift */,
				9664951C2361F67200094D43 /* Info.plist */,
			);
			path = ExpensesUITests;
			sourceTree = "<group>";
		};
		96AFEBBB2365D86A00E14035 /* TabViews */ = {
			isa = PBXGroup;
			children = (
				96AFEBBE2365D88700E14035 /* ProfileView */,
				96AFEBBD2365D87F00E14035 /* SavingsView */,
				96AFEBBC2365D87600E14035 /* ExpensesView */,
			);
			path = TabViews;
			sourceTree = "<group>";
		};
		96AFEBBC2365D87600E14035 /* ExpensesView */ = {
			isa = PBXGroup;
			children = (
				96AFEBC32365D8C100E14035 /* ExpensesView.swift */,
				96AFEBC52365DAC000E14035 /* ExpensesRow.swift */,
				9670934F236DCDA6009E3144 /* ExpensesDetail.swift */,
				96AFEBCA2365DCB800E14035 /* NewExpenseView.swift */,
			);
			path = ExpensesView;
			sourceTree = "<group>";
		};
		96AFEBBD2365D87F00E14035 /* SavingsView */ = {
			isa = PBXGroup;
			children = (
				96AFEBC12365D8B100E14035 /* SavingsView.swift */,
				96A86A2B2377028D00171719 /* ResumeView.swift */,
				96A86A2D23782AF700171719 /* CategoryRow.swift */,
			);
			path = SavingsView;
			sourceTree = "<group>";
		};
		96AFEBBE2365D88700E14035 /* ProfileView */ = {
			isa = PBXGroup;
			children = (
				96AFEBBF2365D8A300E14035 /* ProfileView.swift */,
				96AFEBCC2365E0EB00E14035 /* ProfileRow.swift */,
				96E89FA9236C403200C0246F /* EditProfileView.swift */,
			);
			path = ProfileView;
			sourceTree = "<group>";
		};
		96AFEBC72365DC1400E14035 /* Models */ = {
			isa = PBXGroup;
			children = (
				96AFEBC82365DC2600E14035 /* Expense.swift */,
				9659FD58236B7D2E00ED640E /* Profile.swift */,
				96A86A2F23782CF400171719 /* Category.swift */,
			);
			path = Models;
			sourceTree = "<group>";
		};
/* End PBXGroup section */

/* Begin PBXNativeTarget section */
		966494F42361F67000094D43 /* Expenses */ = {
			isa = PBXNativeTarget;
			buildConfigurationList = 9664951F2361F67200094D43 /* Build configuration list for PBXNativeTarget "Expenses" */;
			buildPhases = (
				966494F12361F67000094D43 /* Sources */,
				966494F22361F67000094D43 /* Frameworks */,
				966494F32361F67000094D43 /* Resources */,
			);
			buildRules = (
			);
			dependencies = (
			);
			name = Expenses;
			productName = Expenses;
			productReference = 966494F52361F67000094D43 /* Expenses.app */;
			productType = "com.apple.product-type.application";
		};
		9664950A2361F67200094D43 /* ExpensesTests */ = {
			isa = PBXNativeTarget;
			buildConfigurationList = 966495222361F67200094D43 /* Build configuration list for PBXNativeTarget "ExpensesTests" */;
			buildPhases = (
				966495072361F67200094D43 /* Sources */,
				966495082361F67200094D43 /* Frameworks */,
				966495092361F67200094D43 /* Resources */,
			);
			buildRules = (
			);
			dependencies = (
				9664950D2361F67200094D43 /* PBXTargetDependency */,
			);
			name = ExpensesTests;
			productName = ExpensesTests;
			productReference = 9664950B2361F67200094D43 /* ExpensesTests.xctest */;
			productType = "com.apple.product-type.bundle.unit-test";
		};
		966495152361F67200094D43 /* ExpensesUITests */ = {
			isa = PBXNativeTarget;
			buildConfigurationList = 966495252361F67200094D43 /* Build configuration list for PBXNativeTarget "ExpensesUITests" */;
			buildPhases = (
				966495122361F67200094D43 /* Sources */,
				966495132361F67200094D43 /* Frameworks */,
				966495142361F67200094D43 /* Resources */,
			);
			buildRules = (
			);
			dependencies = (
				966495182361F67200094D43 /* PBXTargetDependency */,
			);
			name = ExpensesUITests;
			productName = ExpensesUITests;
			productReference = 966495162361F67200094D43 /* ExpensesUITests.xctest */;
			productType = "com.apple.product-type.bundle.ui-testing";
		};
/* End PBXNativeTarget section */

/* Begin PBXProject section */
		966494ED2361F67000094D43 /* Project object */ = {
			isa = PBXProject;
			attributes = {
				LastSwiftUpdateCheck = 1110;
				LastUpgradeCheck = 1110;
				ORGANIZATIONNAME = "Amory Rouault";
				TargetAttributes = {
					966494F42361F67000094D43 = {
						CreatedOnToolsVersion = 11.1;
					};
					9664950A2361F67200094D43 = {
						CreatedOnToolsVersion = 11.1;
						TestTargetID = 966494F42361F67000094D43;
					};
					966495152361F67200094D43 = {
						CreatedOnToolsVersion = 11.1;
						TestTargetID = 966494F42361F67000094D43;
					};
				};
			};
			buildConfigurationList = 966494F02361F67000094D43 /* Build configuration list for PBXProject "Expenses" */;
			compatibilityVersion = "Xcode 9.3";
			developmentRegion = en;
			hasScannedForEncodings = 0;
			knownRegions = (
				en,
				Base,
			);
			mainGroup = 966494EC2361F67000094D43;
			productRefGroup = 966494F62361F67000094D43 /* Products */;
			projectDirPath = "";
			projectRoot = "";
			targets = (
				966494F42361F67000094D43 /* Expenses */,
				9664950A2361F67200094D43 /* ExpensesTests */,
				966495152361F67200094D43 /* ExpensesUITests */,
			);
		};
/* End PBXProject section */

/* Begin PBXResourcesBuildPhase section */
		966494F32361F67000094D43 /* Resources */ = {
			isa = PBXResourcesBuildPhase;
			buildActionMask = 2147483647;
			files = (
				966495052361F67200094D43 /* LaunchScreen.storyboard in Resources */,
				966495022361F67200094D43 /* Preview Assets.xcassets in Resources */,
				966494FF2361F67200094D43 /* Assets.xcassets in Resources */,
			);
			runOnlyForDeploymentPostprocessing = 0;
		};
		966495092361F67200094D43 /* Resources */ = {
			isa = PBXResourcesBuildPhase;
			buildActionMask = 2147483647;
			files = (
			);
			runOnlyForDeploymentPostprocessing = 0;
		};
		966495142361F67200094D43 /* Resources */ = {
			isa = PBXResourcesBuildPhase;
			buildActionMask = 2147483647;
			files = (
			);
			runOnlyForDeploymentPostprocessing = 0;
		};
/* End PBXResourcesBuildPhase section */

/* Begin PBXSourcesBuildPhase section */
		966494F12361F67000094D43 /* Sources */ = {
			isa = PBXSourcesBuildPhase;
			buildActionMask = 2147483647;
			files = (
				96AFEBCD2365E0EB00E14035 /* ProfileRow.swift in Sources */,
				96AFEBC92365DC2600E14035 /* Expense.swift in Sources */,
				96AFEBC02365D8A300E14035 /* ProfileView.swift in Sources */,
				96AFEBC42365D8C100E14035 /* ExpensesView.swift in Sources */,
				96AFEBC22365D8B100E14035 /* SavingsView.swift in Sources */,
				96AFEBC62365DAC000E14035 /* ExpensesRow.swift in Sources */,
				96E89FAA236C403200C0246F /* EditProfileView.swift in Sources */,
				96A86A3023782CF400171719 /* Category.swift in Sources */,
				96A86A2E23782AF700171719 /* CategoryRow.swift in Sources */,
				96A86A2C2377028D00171719 /* ResumeView.swift in Sources */,
				966494F92361F67000094D43 /* AppDelegate.swift in Sources */,
				966494FB2361F67000094D43 /* SceneDelegate.swift in Sources */,
				96709350236DCDA6009E3144 /* ExpensesDetail.swift in Sources */,
				9659FD59236B7D2E00ED640E /* Profile.swift in Sources */,
				966494FD2361F67000094D43 /* ContentView.swift in Sources */,
				96AFEBCB2365DCB800E14035 /* NewExpenseView.swift in Sources */,
			);
			runOnlyForDeploymentPostprocessing = 0;
		};
		966495072361F67200094D43 /* Sources */ = {
			isa = PBXSourcesBuildPhase;
			buildActionMask = 2147483647;
			files = (
				966495102361F67200094D43 /* ExpensesTests.swift in Sources */,
			);
			runOnlyForDeploymentPostprocessing = 0;
		};
		966495122361F67200094D43 /* Sources */ = {
			isa = PBXSourcesBuildPhase;
			buildActionMask = 2147483647;
			files = (
				9664951B2361F67200094D43 /* ExpensesUITests.swift in Sources */,
			);
			runOnlyForDeploymentPostprocessing = 0;
		};
/* End PBXSourcesBuildPhase section */

/* Begin PBXTargetDependency section */
		9664950D2361F67200094D43 /* PBXTargetDependency */ = {
			isa = PBXTargetDependency;
			target = 966494F42361F67000094D43 /* Expenses */;
			targetProxy = 9664950C2361F67200094D43 /* PBXContainerItemProxy */;
		};
		966495182361F67200094D43 /* PBXTargetDependency */ = {
			isa = PBXTargetDependency;
			target = 966494F42361F67000094D43 /* Expenses */;
			targetProxy = 966495172361F67200094D43 /* PBXContainerItemProxy */;
		};
/* End PBXTargetDependency section */

/* Begin PBXVariantGroup section */
		966495032361F67200094D43 /* LaunchScreen.storyboard */ = {
			isa = PBXVariantGroup;
			children = (
				966495042361F67200094D43 /* Base */,
			);
			name = LaunchScreen.storyboard;
			sourceTree = "<group>";
		};
/* End PBXVariantGroup section */

/* Begin XCBuildConfiguration section */
		9664951D2361F67200094D43 /* Debug */ = {
			isa = XCBuildConfiguration;
			buildSettings = {
				ALWAYS_SEARCH_USER_PATHS = NO;
				CLANG_ANALYZER_NONNULL = YES;
				CLANG_ANALYZER_NUMBER_OBJECT_CONVERSION = YES_AGGRESSIVE;
				CLANG_CXX_LANGUAGE_STANDARD = "gnu++14";
				CLANG_CXX_LIBRARY = "libc++";
				CLANG_ENABLE_MODULES = YES;
				CLANG_ENABLE_OBJC_ARC = YES;
				CLANG_ENABLE_OBJC_WEAK = YES;
				CLANG_WARN_BLOCK_CAPTURE_AUTORELEASING = YES;
				CLANG_WARN_BOOL_CONVERSION = YES;
				CLANG_WARN_COMMA = YES;
				CLANG_WARN_CONSTANT_CONVERSION = YES;
				CLANG_WARN_DEPRECATED_OBJC_IMPLEMENTATIONS = YES;
				CLANG_WARN_DIRECT_OBJC_ISA_USAGE = YES_ERROR;
				CLANG_WARN_DOCUMENTATION_COMMENTS = YES;
				CLANG_WARN_EMPTY_BODY = YES;
				CLANG_WARN_ENUM_CONVERSION = YES;
				CLANG_WARN_INFINITE_RECURSION = YES;
				CLANG_WARN_INT_CONVERSION = YES;
				CLANG_WARN_NON_LITERAL_NULL_CONVERSION = YES;
				CLANG_WARN_OBJC_IMPLICIT_RETAIN_SELF = YES;
				CLANG_WARN_OBJC_LITERAL_CONVERSION = YES;
				CLANG_WARN_OBJC_ROOT_CLASS = YES_ERROR;
				CLANG_WARN_RANGE_LOOP_ANALYSIS = YES;
				CLANG_WARN_STRICT_PROTOTYPES = YES;
				CLANG_WARN_SUSPICIOUS_MOVE = YES;
				CLANG_WARN_UNGUARDED_AVAILABILITY = YES_AGGRESSIVE;
				CLANG_WARN_UNREACHABLE_CODE = YES;
				CLANG_WARN__DUPLICATE_METHOD_MATCH = YES;
				COPY_PHASE_STRIP = NO;
				DEBUG_INFORMATION_FORMAT = dwarf;
				ENABLE_STRICT_OBJC_MSGSEND = YES;
				ENABLE_TESTABILITY = YES;
				GCC_C_LANGUAGE_STANDARD = gnu11;
				GCC_DYNAMIC_NO_PIC = NO;
				GCC_NO_COMMON_BLOCKS = YES;
				GCC_OPTIMIZATION_LEVEL = 0;
				GCC_PREPROCESSOR_DEFINITIONS = (
					"DEBUG=1",
					"$(inherited)",
				);
				GCC_WARN_64_TO_32_BIT_CONVERSION = YES;
				GCC_WARN_ABOUT_RETURN_TYPE = YES_ERROR;
				GCC_WARN_UNDECLARED_SELECTOR = YES;
				GCC_WARN_UNINITIALIZED_AUTOS = YES_AGGRESSIVE;
				GCC_WARN_UNUSED_FUNCTION = YES;
				GCC_WARN_UNUSED_VARIABLE = YES;
				IPHONEOS_DEPLOYMENT_TARGET = 13.1;
				MTL_ENABLE_DEBUG_INFO = INCLUDE_SOURCE;
				MTL_FAST_MATH = YES;
				ONLY_ACTIVE_ARCH = YES;
				SDKROOT = iphoneos;
				SWIFT_ACTIVE_COMPILATION_CONDITIONS = DEBUG;
				SWIFT_OPTIMIZATION_LEVEL = "-Onone";
			};
			name = Debug;
		};
		9664951E2361F67200094D43 /* Release */ = {
			isa = XCBuildConfiguration;
			buildSettings = {
				ALWAYS_SEARCH_USER_PATHS = NO;
				CLANG_ANALYZER_NONNULL = YES;
				CLANG_ANALYZER_NUMBER_OBJECT_CONVERSION = YES_AGGRESSIVE;
				CLANG_CXX_LANGUAGE_STANDARD = "gnu++14";
				CLANG_CXX_LIBRARY = "libc++";
				CLANG_ENABLE_MODULES = YES;
				CLANG_ENABLE_OBJC_ARC = YES;
				CLANG_ENABLE_OBJC_WEAK = YES;
				CLANG_WARN_BLOCK_CAPTURE_AUTORELEASING = YES;
				CLANG_WARN_BOOL_CONVERSION = YES;
				CLANG_WARN_COMMA = YES;
				CLANG_WARN_CONSTANT_CONVERSION = YES;
				CLANG_WARN_DEPRECATED_OBJC_IMPLEMENTATIONS = YES;
				CLANG_WARN_DIRECT_OBJC_ISA_USAGE = YES_ERROR;
				CLANG_WARN_DOCUMENTATION_COMMENTS = YES;
				CLANG_WARN_EMPTY_BODY = YES;
				CLANG_WARN_ENUM_CONVERSION = YES;
				CLANG_WARN_INFINITE_RECURSION = YES;
				CLANG_WARN_INT_CONVERSION = YES;
				CLANG_WARN_NON_LITERAL_NULL_CONVERSION = YES;
				CLANG_WARN_OBJC_IMPLICIT_RETAIN_SELF = YES;
				CLANG_WARN_OBJC_LITERAL_CONVERSION = YES;
				CLANG_WARN_OBJC_ROOT_CLASS = YES_ERROR;
				CLANG_WARN_RANGE_LOOP_ANALYSIS = YES;
				CLANG_WARN_STRICT_PROTOTYPES = YES;
				CLANG_WARN_SUSPICIOUS_MOVE = YES;
				CLANG_WARN_UNGUARDED_AVAILABILITY = YES_AGGRESSIVE;
				CLANG_WARN_UNREACHABLE_CODE = YES;
				CLANG_WARN__DUPLICATE_METHOD_MATCH = YES;
				COPY_PHASE_STRIP = NO;
				DEBUG_INFORMATION_FORMAT = "dwarf-with-dsym";
				ENABLE_NS_ASSERTIONS = NO;
				ENABLE_STRICT_OBJC_MSGSEND = YES;
				GCC_C_LANGUAGE_STANDARD = gnu11;
				GCC_NO_COMMON_BLOCKS = YES;
				GCC_WARN_64_TO_32_BIT_CONVERSION = YES;
				GCC_WARN_ABOUT_RETURN_TYPE = YES_ERROR;
				GCC_WARN_UNDECLARED_SELECTOR = YES;
				GCC_WARN_UNINITIALIZED_AUTOS = YES_AGGRESSIVE;
				GCC_WARN_UNUSED_FUNCTION = YES;
				GCC_WARN_UNUSED_VARIABLE = YES;
				IPHONEOS_DEPLOYMENT_TARGET = 13.1;
				MTL_ENABLE_DEBUG_INFO = NO;
				MTL_FAST_MATH = YES;
				SDKROOT = iphoneos;
				SWIFT_COMPILATION_MODE = wholemodule;
				SWIFT_OPTIMIZATION_LEVEL = "-O";
				VALIDATE_PRODUCT = YES;
			};
			name = Release;
		};
		966495202361F67200094D43 /* Debug */ = {
			isa = XCBuildConfiguration;
			buildSettings = {
				ASSETCATALOG_COMPILER_APPICON_NAME = AppIcon;
				CODE_SIGN_STYLE = Automatic;
				DEVELOPMENT_ASSET_PATHS = "\"Expenses/Preview Content\"";
				DEVELOPMENT_TEAM = 9UNF284GYZ;
				ENABLE_PREVIEWS = YES;
				INFOPLIST_FILE = Expenses/Info.plist;
				LD_RUNPATH_SEARCH_PATHS = (
					"$(inherited)",
					"@executable_path/Frameworks",
				);
				PRODUCT_BUNDLE_IDENTIFIER = com.amoryrouault.Expenses;
				PRODUCT_NAME = "$(TARGET_NAME)";
				SWIFT_VERSION = 5.0;
				TARGETED_DEVICE_FAMILY = "1,2";
			};
			name = Debug;
		};
		966495212361F67200094D43 /* Release */ = {
			isa = XCBuildConfiguration;
			buildSettings = {
				ASSETCATALOG_COMPILER_APPICON_NAME = AppIcon;
				CODE_SIGN_STYLE = Automatic;
				DEVELOPMENT_ASSET_PATHS = "\"Expenses/Preview Content\"";
				DEVELOPMENT_TEAM = 9UNF284GYZ;
				ENABLE_PREVIEWS = YES;
				INFOPLIST_FILE = Expenses/Info.plist;
				LD_RUNPATH_SEARCH_PATHS = (
					"$(inherited)",
					"@executable_path/Frameworks",
				);
				PRODUCT_BUNDLE_IDENTIFIER = com.amoryrouault.Expenses;
				PRODUCT_NAME = "$(TARGET_NAME)";
				SWIFT_VERSION = 5.0;
				TARGETED_DEVICE_FAMILY = "1,2";
			};
			name = Release;
		};
		966495232361F67200094D43 /* Debug */ = {
			isa = XCBuildConfiguration;
			buildSettings = {
				ALWAYS_EMBED_SWIFT_STANDARD_LIBRARIES = YES;
				BUNDLE_LOADER = "$(TEST_HOST)";
				CODE_SIGN_STYLE = Automatic;
				DEVELOPMENT_TEAM = 9UNF284GYZ;
				INFOPLIST_FILE = ExpensesTests/Info.plist;
				IPHONEOS_DEPLOYMENT_TARGET = 13.1;
				LD_RUNPATH_SEARCH_PATHS = (
					"$(inherited)",
					"@executable_path/Frameworks",
					"@loader_path/Frameworks",
				);
				PRODUCT_BUNDLE_IDENTIFIER = com.amoryrouault.ExpensesTests;
				PRODUCT_NAME = "$(TARGET_NAME)";
				SWIFT_VERSION = 5.0;
				TARGETED_DEVICE_FAMILY = "1,2";
				TEST_HOST = "$(BUILT_PRODUCTS_DIR)/Expenses.app/Expenses";
			};
			name = Debug;
		};
		966495242361F67200094D43 /* Release */ = {
			isa = XCBuildConfiguration;
			buildSettings = {
				ALWAYS_EMBED_SWIFT_STANDARD_LIBRARIES = YES;
				BUNDLE_LOADER = "$(TEST_HOST)";
				CODE_SIGN_STYLE = Automatic;
				DEVELOPMENT_TEAM = 9UNF284GYZ;
				INFOPLIST_FILE = ExpensesTests/Info.plist;
				IPHONEOS_DEPLOYMENT_TARGET = 13.1;
				LD_RUNPATH_SEARCH_PATHS = (
					"$(inherited)",
					"@executable_path/Frameworks",
					"@loader_path/Frameworks",
				);
				PRODUCT_BUNDLE_IDENTIFIER = com.amoryrouault.ExpensesTests;
				PRODUCT_NAME = "$(TARGET_NAME)";
				SWIFT_VERSION = 5.0;
				TARGETED_DEVICE_FAMILY = "1,2";
				TEST_HOST = "$(BUILT_PRODUCTS_DIR)/Expenses.app/Expenses";
			};
			name = Release;
		};
		966495262361F67200094D43 /* Debug */ = {
			isa = XCBuildConfiguration;
			buildSettings = {
				ALWAYS_EMBED_SWIFT_STANDARD_LIBRARIES = YES;
				CODE_SIGN_STYLE = Automatic;
				DEVELOPMENT_TEAM = 9UNF284GYZ;
				INFOPLIST_FILE = ExpensesUITests/Info.plist;
				LD_RUNPATH_SEARCH_PATHS = (
					"$(inherited)",
					"@executable_path/Frameworks",
					"@loader_path/Frameworks",
				);
				PRODUCT_BUNDLE_IDENTIFIER = com.amoryrouault.ExpensesUITests;
				PRODUCT_NAME = "$(TARGET_NAME)";
				SWIFT_VERSION = 5.0;
				TARGETED_DEVICE_FAMILY = "1,2";
				TEST_TARGET_NAME = Expenses;
			};
			name = Debug;
		};
		966495272361F67200094D43 /* Release */ = {
			isa = XCBuildConfiguration;
			buildSettings = {
				ALWAYS_EMBED_SWIFT_STANDARD_LIBRARIES = YES;
				CODE_SIGN_STYLE = Automatic;
				DEVELOPMENT_TEAM = 9UNF284GYZ;
				INFOPLIST_FILE = ExpensesUITests/Info.plist;
				LD_RUNPATH_SEARCH_PATHS = (
					"$(inherited)",
					"@executable_path/Frameworks",
					"@loader_path/Frameworks",
				);
				PRODUCT_BUNDLE_IDENTIFIER = com.amoryrouault.ExpensesUITests;
				PRODUCT_NAME = "$(TARGET_NAME)";
				SWIFT_VERSION = 5.0;
				TARGETED_DEVICE_FAMILY = "1,2";
				TEST_TARGET_NAME = Expenses;
			};
			name = Release;
		};
/* End XCBuildConfiguration section */

/* Begin XCConfigurationList section */
		966494F02361F67000094D43 /* Build configuration list for PBXProject "Expenses" */ = {
			isa = XCConfigurationList;
			buildConfigurations = (
				9664951D2361F67200094D43 /* Debug */,
				9664951E2361F67200094D43 /* Release */,
			);
			defaultConfigurationIsVisible = 0;
			defaultConfigurationName = Release;
		};
		9664951F2361F67200094D43 /* Build configuration list for PBXNativeTarget "Expenses" */ = {
			isa = XCConfigurationList;
			buildConfigurations = (
				966495202361F67200094D43 /* Debug */,
				966495212361F67200094D43 /* Release */,
			);
			defaultConfigurationIsVisible = 0;
			defaultConfigurationName = Release;
		};
		966495222361F67200094D43 /* Build configuration list for PBXNativeTarget "ExpensesTests" */ = {
			isa = XCConfigurationList;
			buildConfigurations = (
				966495232361F67200094D43 /* Debug */,
				966495242361F67200094D43 /* Release */,
			);
			defaultConfigurationIsVisible = 0;
			defaultConfigurationName = Release;
		};
		966495252361F67200094D43 /* Build configuration list for PBXNativeTarget "ExpensesUITests" */ = {
			isa = XCConfigurationList;
			buildConfigurations = (
				966495262361F67200094D43 /* Debug */,
				966495272361F67200094D43 /* Release */,
			);
			defaultConfigurationIsVisible = 0;
			defaultConfigurationName = Release;
		};
/* End XCConfigurationList section */
	};
	rootObject = 966494ED2361F67000094D43 /* Project object */;
}
